
Microsoft Visual Studio Solution File, Format Version 12.00
# Visual Studio Version 16
VisualStudioVersion = 16.0.37206.5
MinimumVisualStudioVersion = 10.0.40219.1
Project("{FAE04EC0-301F-11D3-BF4B-00C04F79EFBC}") = "CozaStore", "CozaStore.csproj", "{88B93443-901A-45FA-B1BD-488A4DE34C54}"
EndProject
Global
	GlobalSection(SolutionConfigurationPlatforms) = preSolution
		Debug|Any CPU = Debug|Any CPU
		Release|Any CPU = Release|Any CPU
	EndGlobalSection
	GlobalSection(ProjectConfigurationPlatforms) = postSolution
		{88B93443-901A-45FA-B1BD-488A4DE34C54}.Debug|Any CPU.ActiveCfg = Debug|Any CPU
		{88B93443-901A-45FA-B1BD-488A4DE34C54}.Debug|Any CPU.Build.0 = Debug|Any CPU
		{88B93443-901A-45FA-B1BD-488A4DE34C54}.Release|Any CPU.ActiveCfg = Release|Any CPU
		{88B93443-901A-45FA-B1BD-488A4DE34C54}.Release|Any CPU.Build.0 = Release|Any CPU
	EndGlobalSection
	GlobalSection(SolutionProperties) = preSolution
		HideSolutionNode = FALSE
	EndGlobalSection
	GlobalSection(ExtensibilityGlobals) = postSolution
		SolutionGuid = {698AC2CA-152A-4ADC-984B-844F09AC4648}
	EndGlobalSection
EndGlobal
