
Microsoft Visual Studio Solution File, Format Version 12.00
# Visual Studio Version 16
VisualStudioVersion = 16.0.37327.17
MinimumVisualStudioVersion = 10.0.40219.1
Project("{E24C65DC-7377-472B-9ABA-BC803B73C61A}") = "Payment_WCFService", "Payment_WCFService\", "{1F4F249D-7BF3-449F-B457-0EB2FAC6A0EE}"
	ProjectSection(WebsiteProperties) = preProject
		TargetFrameworkMoniker = ".NETFramework,Version%3Dv4.7.2"
		Debug.AspNetCompiler.VirtualPath = "/localhost_59936"
		Debug.AspNetCompiler.PhysicalPath = "Payment_WCFService\"
		Debug.AspNetCompiler.TargetPath = "PrecompiledWeb\localhost_59936\"
		Debug.AspNetCompiler.Updateable = "true"
		Debug.AspNetCompiler.ForceOverwrite = "true"
		Debug.AspNetCompiler.FixedNames = "false"
		Debug.AspNetCompiler.Debug = "True"
		Release.AspNetCompiler.VirtualPath = "/localhost_59936"
		Release.AspNetCompiler.PhysicalPath = "Payment_WCFService\"
		Release.AspNetCompiler.TargetPath = "PrecompiledWeb\localhost_59936\"
		Release.AspNetCompiler.Updateable = "true"
		Release.AspNetCompiler.ForceOverwrite = "true"
		Release.AspNetCompiler.FixedNames = "false"
		Release.AspNetCompiler.Debug = "False"
		VWDPort = "59936"
		SlnRelativePath = "Payment_WCFService\"
		DefaultWebSiteLanguage = "Visual C#"
	EndProjectSection
EndProject
Global
	GlobalSection(SolutionConfigurationPlatforms) = preSolution
		Debug|Any CPU = Debug|Any CPU
	EndGlobalSection
	GlobalSection(ProjectConfigurationPlatforms) = postSolution
		{1F4F249D-7BF3-449F-B457-0EB2FAC6A0EE}.Debug|Any CPU.ActiveCfg = Debug|Any CPU
		{1F4F249D-7BF3-449F-B457-0EB2FAC6A0EE}.Debug|Any CPU.Build.0 = Debug|Any CPU
	EndGlobalSection
	GlobalSection(SolutionProperties) = preSolution
		HideSolutionNode = FALSE
	EndGlobalSection
	GlobalSection(ExtensibilityGlobals) = postSolution
		SolutionGuid = {287FB411-AAE8-495E-841F-9B359986FB9F}
	EndGlobalSection
EndGlobal
